
Microsoft Visual Studio Solution File, Format Version 12.00
# Visual Studio 14
VisualStudioVersion = 14.0.25420.1
MinimumVisualStudioVersion = 10.0.40219.1
Project("{8BC9CEB8-8B4A-11D0-8D11-00A0C91BC942}") = "framework", "framework.vcxproj", "{8E0B71BD-6F14-4F0C-AC34-45985043856F}"
EndProject
Project("{8BC9CEB8-8B4A-11D0-8D11-00A0C91BC942}") = "cudaraster", "cudaraster.vcxproj", "{8E0B71BD-6F14-4F0C-AC34-45334875453F}"
EndProject
Project("{8BC9CEB8-8B4A-11D0-8D11-00A0C91BC942}") = "crsample", "crsample.vcxproj", "{8F2B9291-08DE-47C0-91CA-3BB67744012F}"
EndProject
Global
	GlobalSection(SolutionConfigurationPlatforms) = preSolution
		Debug|x64 = Debug|x64
		Release|x64 = Release|x64
	EndGlobalSection
	GlobalSection(ProjectConfigurationPlatforms) = postSolution
		{8E0B71BD-6F14-4F0C-AC34-45985043856F}.Debug|x64.ActiveCfg = Debug|x64
		{8E0B71BD-6F14-4F0C-AC34-45985043856F}.Debug|x64.Build.0 = Debug|x64
		{8E0B71BD-6F14-4F0C-AC34-45985043856F}.Release|x64.ActiveCfg = Release|x64
		{8E0B71BD-6F14-4F0C-AC34-45985043856F}.Release|x64.Build.0 = Release|x64
		{8E0B71BD-6F14-4F0C-AC34-45334875453F}.Debug|x64.ActiveCfg = Debug|x64
		{8E0B71BD-6F14-4F0C-AC34-45334875453F}.Debug|x64.Build.0 = Debug|x64
		{8E0B71BD-6F14-4F0C-AC34-45334875453F}.Release|x64.ActiveCfg = Release|x64
		{8E0B71BD-6F14-4F0C-AC34-45334875453F}.Release|x64.Build.0 = Release|x64
		{8F2B9291-08DE-47C0-91CA-3BB67744012F}.Debug|x64.ActiveCfg = Debug|x64
		{8F2B9291-08DE-47C0-91CA-3BB67744012F}.Debug|x64.Build.0 = Debug|x64
		{8F2B9291-08DE-47C0-91CA-3BB67744012F}.Release|x64.ActiveCfg = Release|x64
		{8F2B9291-08DE-47C0-91CA-3BB67744012F}.Release|x64.Build.0 = Release|x64
	EndGlobalSection
	GlobalSection(SolutionProperties) = preSolution
		HideSolutionNode = FALSE
	EndGlobalSection
EndGlobal
